
Microsoft Visual Studio Solution File, Format Version 12.00
# Visual Studio Version 17
VisualStudioVersion = 17.7.34221.43
MinimumVisualStudioVersion = 10.0.40219.1
Project("{FAE04EC0-301F-11D3-BF4B-00C04F79EFBC}") = "Треугольники", "Треугольники\Треугольники.csproj", "{1B2A9952-6E4A-4679-9EF3-7C910485E439}"
EndProject
Global
	GlobalSection(SolutionConfigurationPlatforms) = preSolution
		Debug|Any CPU = Debug|Any CPU
		Release|Any CPU = Release|Any CPU
	EndGlobalSection
	GlobalSection(ProjectConfigurationPlatforms) = postSolution
		{1B2A9952-6E4A-4679-9EF3-7C910485E439}.Debug|Any CPU.ActiveCfg = Debug|Any CPU
		{1B2A9952-6E4A-4679-9EF3-7C910485E439}.Debug|Any CPU.Build.0 = Debug|Any CPU
		{1B2A9952-6E4A-4679-9EF3-7C910485E439}.Release|Any CPU.ActiveCfg = Release|Any CPU
		{1B2A9952-6E4A-4679-9EF3-7C910485E439}.Release|Any CPU.Build.0 = Release|Any CPU
	EndGlobalSection
	GlobalSection(SolutionProperties) = preSolution
		HideSolutionNode = FALSE
	EndGlobalSection
	GlobalSection(ExtensibilityGlobals) = postSolution
		SolutionGuid = {D1DB353D-45DA-443D-BEE7-1A5802C08166}
	EndGlobalSection
EndGlobal
